
Microsoft Visual Studio Solution File, Format Version 12.00
# Visual Studio Version 16
VisualStudioVersion = 16.0.30413.136
MinimumVisualStudioVersion = 10.0.40219.1
Project("{9A19103F-16F7-4668-BE54-9A1E7A4F7556}") = "PatientRegistrySystem.Domain", "PatientRegistrySystem.Domain\PatientRegistrySystem.Domain.csproj", "{5A23D317-E693-47C2-8573-29B452867C56}"
EndProject
Project("{9A19103F-16F7-4668-BE54-9A1E7A4F7556}") = "PatientRegistrySystem.Data", "PatientRegistrySystem.Data\PatientRegistrySystem.Data.csproj", "{9A057EAA-D405-4888-85B5-8B7EDAEC63BC}"
EndProject
Project("{FAE04EC0-301F-11D3-BF4B-00C04F79EFBC}") = "PatientRegistrySystem.Services", "PatientRegistrySystem.Services\PatientRegistrySystem.Services.csproj", "{CF270792-BB57-40B3-8042-0A851E581899}"
EndProject
Project("{FAE04EC0-301F-11D3-BF4B-00C04F79EFBC}") = "PatientRegistrySystem.API", "PatientRegistrySystem.API\PatientRegistrySystem.API.csproj", "{07BD3784-9A73-410E-AAE7-01A4A27967AD}"
EndProject
Global
	GlobalSection(SolutionConfigurationPlatforms) = preSolution
		Debug|Any CPU = Debug|Any CPU
		Release|Any CPU = Release|Any CPU
	EndGlobalSection
	GlobalSection(ProjectConfigurationPlatforms) = postSolution
		{5A23D317-E693-47C2-8573-29B452867C56}.Debug|Any CPU.ActiveCfg = Debug|Any CPU
		{5A23D317-E693-47C2-8573-29B452867C56}.Debug|Any CPU.Build.0 = Debug|Any CPU
		{5A23D317-E693-47C2-8573-29B452867C56}.Release|Any CPU.ActiveCfg = Release|Any CPU
		{5A23D317-E693-47C2-8573-29B452867C56}.Release|Any CPU.Build.0 = Release|Any CPU
		{9A057EAA-D405-4888-85B5-8B7EDAEC63BC}.Debug|Any CPU.ActiveCfg = Debug|Any CPU
		{9A057EAA-D405-4888-85B5-8B7EDAEC63BC}.Debug|Any CPU.Build.0 = Debug|Any CPU
		{9A057EAA-D405-4888-85B5-8B7EDAEC63BC}.Release|Any CPU.ActiveCfg = Release|Any CPU
		{9A057EAA-D405-4888-85B5-8B7EDAEC63BC}.Release|Any CPU.Build.0 = Release|Any CPU
		{CF270792-BB57-40B3-8042-0A851E581899}.Debug|Any CPU.ActiveCfg = Debug|Any CPU
		{CF270792-BB57-40B3-8042-0A851E581899}.Debug|Any CPU.Build.0 = Debug|Any CPU
		{CF270792-BB57-40B3-8042-0A851E581899}.Release|Any CPU.ActiveCfg = Release|Any CPU
		{CF270792-BB57-40B3-8042-0A851E581899}.Release|Any CPU.Build.0 = Release|Any CPU
		{07BD3784-9A73-410E-AAE7-01A4A27967AD}.Debug|Any CPU.ActiveCfg = Debug|Any CPU
		{07BD3784-9A73-410E-AAE7-01A4A27967AD}.Debug|Any CPU.Build.0 = Debug|Any CPU
		{07BD3784-9A73-410E-AAE7-01A4A27967AD}.Release|Any CPU.ActiveCfg = Release|Any CPU
		{07BD3784-9A73-410E-AAE7-01A4A27967AD}.Release|Any CPU.Build.0 = Release|Any CPU
	EndGlobalSection
	GlobalSection(SolutionProperties) = preSolution
		HideSolutionNode = FALSE
	EndGlobalSection
	GlobalSection(ExtensibilityGlobals) = postSolution
		SolutionGuid = {A20F8728-F265-4A53-AADA-C4A5ECD16827}
	EndGlobalSection
EndGlobal
